
Microsoft Visual Studio Solution File, Format Version 12.00
# Visual Studio Version 16
VisualStudioVersion = 16.0.31129.286
MinimumVisualStudioVersion = 10.0.40219.1
Project("{9A19103F-16F7-4668-BE54-9A1E7A4F7556}") = "Laudari.API", "Laudari.API\Laudari.API.csproj", "{BFC1306F-9EBF-414C-8656-C50E3E5AFADA}"
EndProject
Project("{9A19103F-16F7-4668-BE54-9A1E7A4F7556}") = "Laudari.Domain", "Laudari.Domain\Laudari.Domain.csproj", "{BD22965F-80CD-4D20-AFCC-12D0D2CFA037}"
EndProject
Project("{FAE04EC0-301F-11D3-BF4B-00C04F79EFBC}") = "Laudari.Infrastructure", "Laudari.Infrastructure\Laudari.Infrastructure.csproj", "{EB4127DF-D988-4C52-8C70-0FDCD8428670}"
EndProject
Global
	GlobalSection(SolutionConfigurationPlatforms) = preSolution
		Debug|Any CPU = Debug|Any CPU
		Release|Any CPU = Release|Any CPU
	EndGlobalSection
	GlobalSection(ProjectConfigurationPlatforms) = postSolution
		{BFC1306F-9EBF-414C-8656-C50E3E5AFADA}.Debug|Any CPU.ActiveCfg = Debug|Any CPU
		{BFC1306F-9EBF-414C-8656-C50E3E5AFADA}.Debug|Any CPU.Build.0 = Debug|Any CPU
		{BFC1306F-9EBF-414C-8656-C50E3E5AFADA}.Release|Any CPU.ActiveCfg = Release|Any CPU
		{BFC1306F-9EBF-414C-8656-C50E3E5AFADA}.Release|Any CPU.Build.0 = Release|Any CPU
		{BD22965F-80CD-4D20-AFCC-12D0D2CFA037}.Debug|Any CPU.ActiveCfg = Debug|Any CPU
		{BD22965F-80CD-4D20-AFCC-12D0D2CFA037}.Debug|Any CPU.Build.0 = Debug|Any CPU
		{BD22965F-80CD-4D20-AFCC-12D0D2CFA037}.Release|Any CPU.ActiveCfg = Release|Any CPU
		{BD22965F-80CD-4D20-AFCC-12D0D2CFA037}.Release|Any CPU.Build.0 = Release|Any CPU
		{EB4127DF-D988-4C52-8C70-0FDCD8428670}.Debug|Any CPU.ActiveCfg = Debug|Any CPU
		{EB4127DF-D988-4C52-8C70-0FDCD8428670}.Debug|Any CPU.Build.0 = Debug|Any CPU
		{EB4127DF-D988-4C52-8C70-0FDCD8428670}.Release|Any CPU.ActiveCfg = Release|Any CPU
		{EB4127DF-D988-4C52-8C70-0FDCD8428670}.Release|Any CPU.Build.0 = Release|Any CPU
	EndGlobalSection
	GlobalSection(SolutionProperties) = preSolution
		HideSolutionNode = FALSE
	EndGlobalSection
	GlobalSection(ExtensibilityGlobals) = postSolution
		SolutionGuid = {61EDAEA3-241C-4182-A4EA-0817FDBF6897}
	EndGlobalSection
EndGlobal
